// !$*UTF8*$!
{
	archiveVersion = 1;
	classes = {
	};
	objectVersion = 46;
	objects = {

/* Begin PBXBuildFile section */
		4C08D53F1B5F41390037E734 /* AppDelegate.swift in Sources */ = {isa = PBXBuildFile; fileRef = 4C08D53E1B5F41390037E734 /* AppDelegate.swift */; };
		4C08D5411B5F41390037E734 /* ViewController.swift in Sources */ = {isa = PBXBuildFile; fileRef = 4C08D5401B5F41390037E734 /* ViewController.swift */; };
		4C08D5441B5F41390037E734 /* Main.storyboard in Resources */ = {isa = PBXBuildFile; fileRef = 4C08D5421B5F41390037E734 /* Main.storyboard */; };
		4C08D5461B5F41390037E734 /* Images.xcassets in Resources */ = {isa = PBXBuildFile; fileRef = 4C08D5451B5F41390037E734 /* Images.xcassets */; };
		4C08D5491B5F41390037E734 /* LaunchScreen.xib in Resources */ = {isa = PBXBuildFile; fileRef = 4C08D5471B5F41390037E734 /* LaunchScreen.xib */; };
		4C08D5551B5F41390037E734 /* FirstAutoLayoutTests.swift in Sources */ = {isa = PBXBuildFile; fileRef = 4C08D5541B5F41390037E734 /* FirstAutoLayoutTests.swift */; };
/* End PBXBuildFile section */

/* Begin PBXContainerItemProxy section */
		4C08D54F1B5F41390037E734 /* PBXContainerItemProxy */ = {
			isa = PBXContainerItemProxy;
			containerPortal = 4C08D5311B5F41390037E734 /* Project object */;
			proxyType = 1;
			remoteGlobalIDString = 4C08D5381B5F41390037E734;
			remoteInfo = FirstAutoLayout;
		};
/* End PBXContainerItemProxy section */

/* Begin PBXFileReference section */
		4C08D5391B5F41390037E734 /* FirstAutoLayout.app */ = {isa = PBXFileReference; explicitFileType = wrapper.application; includeInIndex = 0; path = FirstAutoLayout.app; sourceTree = BUILT_PRODUCTS_DIR; };
		4C08D53D1B5F41390037E734 /* Info.plist */ = {isa = PBXFileReference; lastKnownFileType = text.plist.xml; path = Info.plist; sourceTree = "<group>"; };
		4C08D53E1B5F41390037E734 /* AppDelegate.swift */ = {isa = PBXFileReference; lastKnownFileType = sourcecode.swift; path = AppDelegate.swift; sourceTree = "<group>"; };
		4C08D5401B5F41390037E734 /* ViewController.swift */ = {isa = PBXFileReference; lastKnownFileType = sourcecode.swift; path = ViewController.swift; sourceTree = "<group>"; };
		4C08D5431B5F41390037E734 /* Base */ = {isa = PBXFileReference; lastKnownFileType = file.storyboard; name = Base; path = Base.lproj/Main.storyboard; sourceTree = "<group>"; };
		4C08D5451B5F41390037E734 /* Images.xcassets */ = {isa = PBXFileReference; lastKnownFileType = folder.assetcatalog; path = Images.xcassets; sourceTree = "<group>"; };
		4C08D5481B5F41390037E734 /* Base */ = {isa = PBXFileReference; lastKnownFileType = file.xib; name = Base; path = Base.lproj/LaunchScreen.xib; sourceTree = "<group>"; };
		4C08D54E1B5F41390037E734 /* FirstAutoLayoutTests.xctest */ = {isa = PBXFileReference; explicitFileType = wrapper.cfbundle; includeInIndex = 0; path = FirstAutoLayoutTests.xctest; sourceTree = BUILT_PRODUCTS_DIR; };
		4C08D5531B5F41390037E734 /* Info.plist */ = {isa = PBXFileReference; lastKnownFileType = text.plist.xml; path = Info.plist; sourceTree = "<group>"; };
		4C08D5541B5F41390037E734 /* FirstAutoLayoutTests.swift */ = {isa = PBXFileReference; lastKnownFileType = sourcecode.swift; path = FirstAutoLayoutTests.swift; sourceTree = "<group>"; };
/* End PBXFileReference section */

/* Begin PBXFrameworksBuildPhase section */
		4C08D5361B5F41390037E734 /* Frameworks */ = {
			isa = PBXFrameworksBuildPhase;
			buildActionMask = 2147483647;
			files = (
			);
			runOnlyForDeploymentPostprocessing = 0;
		};
		4C08D54B1B5F41390037E734 /* Frameworks */ = {
			isa = PBXFrameworksBuildPhase;
			buildActionMask = 2147483647;
			files = (
			);
			runOnlyForDeploymentPostprocessing = 0;
		};
/* End PBXFrameworksBuildPhase section */

/* Begin PBXGroup section */
		4C08D5301B5F41390037E734 = {
			isa = PBXGroup;
			children = (
				4C08D53B1B5F41390037E734 /* FirstAutoLayout */,
				4C08D5511B5F41390037E734 /* FirstAutoLayoutTests */,
				4C08D53A1B5F41390037E734 /* Products */,
			);
			sourceTree = "<group>";
		};
		4C08D53A1B5F41390037E734 /* Products */ = {
			isa = PBXGroup;
			children = (
				4C08D5391B5F41390037E734 /* FirstAutoLayout.app */,
				4C08D54E1B5F41390037E734 /* FirstAutoLayoutTests.xctest */,
			);
			name = Products;
			sourceTree = "<group>";
		};
		4C08D53B1B5F41390037E734 /* FirstAutoLayout */ = {
			isa = PBXGroup;
			children = (
				4C08D53E1B5F41390037E734 /* AppDelegate.swift */,
				4C08D5401B5F41390037E734 /* ViewController.swift */,
				4C08D5421B5F41390037E734 /* Main.storyboard */,
				4C08D5451B5F41390037E734 /* Images.xcassets */,
				4C08D5471B5F41390037E734 /* LaunchScreen.xib */,
				4C08D53C1B5F41390037E734 /* Supporting Files */,
			);
			path = FirstAutoLayout;
			sourceTree = "<group>";
		};
		4C08D53C1B5F41390037E734 /* Supporting Files */ = {
			isa = PBXGroup;
			children = (
				4C08D53D1B5F41390037E734 /* Info.plist */,
			);
			name = "Supporting Files";
			sourceTree = "<group>";
		};
		4C08D5511B5F41390037E734 /* FirstAutoLayoutTests */ = {
			isa = PBXGroup;
			children = (
				4C08D5541B5F41390037E734 /* FirstAutoLayoutTests.swift */,
				4C08D5521B5F41390037E734 /* Supporting Files */,
			);
			path = FirstAutoLayoutTests;
			sourceTree = "<group>";
		};
		4C08D5521B5F41390037E734 /* Supporting Files */ = {
			isa = PBXGroup;
			children = (
				4C08D5531B5F41390037E734 /* Info.plist */,
			);
			name = "Supporting Files";
			sourceTree = "<group>";
		};
/* End PBXGroup section */

/* Begin PBXNativeTarget section */
		4C08D5381B5F41390037E734 /* FirstAutoLayout */ = {
			isa = PBXNativeTarget;
			buildConfigurationList = 4C08D5581B5F41390037E734 /* Build configuration list for PBXNativeTarget "FirstAutoLayout" */;
			buildPhases = (
				4C08D5351B5F41390037E734 /* Sources */,
				4C08D5361B5F41390037E734 /* Frameworks */,
				4C08D5371B5F41390037E734 /* Resources */,
			);
			buildRules = (
			);
			dependencies = (
			);
			name = FirstAutoLayout;
			productName = FirstAutoLayout;
			productReference = 4C08D5391B5F41390037E734 /* FirstAutoLayout.app */;
			productType = "com.apple.product-type.application";
		};
		4C08D54D1B5F41390037E734 /* FirstAutoLayoutTests */ = {
			isa = PBXNativeTarget;
			buildConfigurationList = 4C08D55B1B5F41390037E734 /* Build configuration list for PBXNativeTarget "FirstAutoLayoutTests" */;
			buildPhases = (
				4C08D54A1B5F41390037E734 /* Sources */,
				4C08D54B1B5F41390037E734 /* Frameworks */,
				4C08D54C1B5F41390037E734 /* Resources */,
			);
			buildRules = (
			);
			dependencies = (
				4C08D5501B5F41390037E734 /* PBXTargetDependency */,
			);
			name = FirstAutoLayoutTests;
			productName = FirstAutoLayoutTests;
			productReference = 4C08D54E1B5F41390037E734 /* FirstAutoLayoutTests.xctest */;
			productType = "com.apple.product-type.bundle.unit-test";
		};
/* End PBXNativeTarget section */

/* Begin PBXProject section */
		4C08D5311B5F41390037E734 /* Project object */ = {
			isa = PBXProject;
			attributes = {
				LastUpgradeCheck = 0640;
				ORGANIZATIONNAME = "zorch!";
				TargetAttributes = {
					4C08D5381B5F41390037E734 = {
						CreatedOnToolsVersion = 6.4;
					};
					4C08D54D1B5F41390037E734 = {
						CreatedOnToolsVersion = 6.4;
						TestTargetID = 4C08D5381B5F41390037E734;
					};
				};
			};
			buildConfigurationList = 4C08D5341B5F41390037E734 /* Build configuration list for PBXProject "FirstAutoLayout" */;
			compatibilityVersion = "Xcode 3.2";
			developmentRegion = English;
			hasScannedForEncodings = 0;
			knownRegions = (
				en,
				Base,
			);
			mainGroup = 4C08D5301B5F41390037E734;
			productRefGroup = 4C08D53A1B5F41390037E734 /* Products */;
			projectDirPath = "";
			projectRoot = "";
			targets = (
				4C08D5381B5F41390037E734 /* FirstAutoLayout */,
				4C08D54D1B5F41390037E734 /* FirstAutoLayoutTests */,
			);
		};
/* End PBXProject section */

/* Begin PBXResourcesBuildPhase section */
		4C08D5371B5F41390037E734 /* Resources */ = {
			isa = PBXResourcesBuildPhase;
			buildActionMask = 2147483647;
			files = (
				4C08D5441B5F41390037E734 /* Main.storyboard in Resources */,
				4C08D5491B5F41390037E734 /* LaunchScreen.xib in Resources */,
				4C08D5461B5F41390037E734 /* Images.xcassets in Resources */,
			);
			runOnlyForDeploymentPostprocessing = 0;
		};
		4C08D54C1B5F41390037E734 /* Resources */ = {
			isa = PBXResourcesBuildPhase;
			buildActionMask = 2147483647;
			files = (
			);
			runOnlyForDeploymentPostprocessing = 0;
		};
/* End PBXResourcesBuildPhase section */

/* Begin PBXSourcesBuildPhase section */
		4C08D5351B5F41390037E734 /* Sources */ = {
			isa = PBXSourcesBuildPhase;
			buildActionMask = 2147483647;
			files = (
				4C08D5411B5F41390037E734 /* ViewController.swift in Sources */,
				4C08D53F1B5F41390037E734 /* AppDelegate.swift in Sources */,
			);
			runOnlyForDeploymentPostprocessing = 0;
		};
		4C08D54A1B5F41390037E734 /* Sources */ = {
			isa = PBXSourcesBuildPhase;
			buildActionMask = 2147483647;
			files = (
				4C08D5551B5F41390037E734 /* FirstAutoLayoutTests.swift in Sources */,
			);
			runOnlyForDeploymentPostprocessing = 0;
		};
/* End PBXSourcesBuildPhase section */

/* Begin PBXTargetDependency section */
		4C08D5501B5F41390037E734 /* PBXTargetDependency */ = {
			isa = PBXTargetDependency;
			target = 4C08D5381B5F41390037E734 /* FirstAutoLayout */;
			targetProxy = 4C08D54F1B5F41390037E734 /* PBXContainerItemProxy */;
		};
/* End PBXTargetDependency section */

/* Begin PBXVariantGroup section */
		4C08D5421B5F41390037E734 /* Main.storyboard */ = {
			isa = PBXVariantGroup;
			children = (
				4C08D5431B5F41390037E734 /* Base */,
			);
			name = Main.storyboard;
			sourceTree = "<group>";
		};
		4C08D5471B5F41390037E734 /* LaunchScreen.xib */ = {
			isa = PBXVariantGroup;
			children = (
				4C08D5481B5F41390037E734 /* Base */,
			);
			name = LaunchScreen.xib;
			sourceTree = "<group>";
		};
/* End PBXVariantGroup section */

/* Begin XCBuildConfiguration section */
		4C08D5561B5F41390037E734 /* Debug */ = {
			isa = XCBuildConfiguration;
			buildSettings = {
				ALWAYS_SEARCH_USER_PATHS = NO;
				CLANG_CXX_LANGUAGE_STANDARD = "gnu++0x";
				CLANG_CXX_LIBRARY = "libc++";
				CLANG_ENABLE_MODULES = YES;
				CLANG_ENABLE_OBJC_ARC = YES;
				CLANG_WARN_BOOL_CONVERSION = YES;
				CLANG_WARN_CONSTANT_CONVERSION = YES;
				CLANG_WARN_DIRECT_OBJC_ISA_USAGE = YES_ERROR;
				CLANG_WARN_EMPTY_BODY = YES;
				CLANG_WARN_ENUM_CONVERSION = YES;
				CLANG_WARN_INT_CONVERSION = YES;
				CLANG_WARN_OBJC_ROOT_CLASS = YES_ERROR;
				CLANG_WARN_UNREACHABLE_CODE = YES;
				CLANG_WARN__DUPLICATE_METHOD_MATCH = YES;
				"CODE_SIGN_IDENTITY[sdk=iphoneos*]" = "iPhone Developer";
				COPY_PHASE_STRIP = NO;
				DEBUG_INFORMATION_FORMAT = "dwarf-with-dsym";
				ENABLE_STRICT_OBJC_MSGSEND = YES;
				GCC_C_LANGUAGE_STANDARD = gnu99;
				GCC_DYNAMIC_NO_PIC = NO;
				GCC_NO_COMMON_BLOCKS = YES;
				GCC_OPTIMIZATION_LEVEL = 0;
				GCC_PREPROCESSOR_DEFINITIONS = (
					"DEBUG=1",
					"$(inherited)",
				);
				GCC_SYMBOLS_PRIVATE_EXTERN = NO;
				GCC_WARN_64_TO_32_BIT_CONVERSION = YES;
				GCC_WARN_ABOUT_RETURN_TYPE = YES_ERROR;
				GCC_WARN_UNDECLARED_SELECTOR = YES;
				GCC_WARN_UNINITIALIZED_AUTOS = YES_AGGRESSIVE;
				GCC_WARN_UNUSED_FUNCTION = YES;
				GCC_WARN_UNUSED_VARIABLE = YES;
				IPHONEOS_DEPLOYMENT_TARGET = 8.4;
				MTL_ENABLE_DEBUG_INFO = YES;
				ONLY_ACTIVE_ARCH = YES;
				SDKROOT = iphoneos;
				SWIFT_OPTIMIZATION_LEVEL = "-Onone";
				TARGETED_DEVICE_FAMILY = "1,2";
			};
			name = Debug;
		};
		4C08D5571B5F41390037E734 /* Release */ = {
			isa = XCBuildConfiguration;
			buildSettings = {
				ALWAYS_SEARCH_USER_PATHS = NO;
				CLANG_CXX_LANGUAGE_STANDARD = "gnu++0x";
				CLANG_CXX_LIBRARY = "libc++";
				CLANG_ENABLE_MODULES = YES;
				CLANG_ENABLE_OBJC_ARC = YES;
				CLANG_WARN_BOOL_CONVERSION = YES;
				CLANG_WARN_CONSTANT_CONVERSION = YES;
				CLANG_WARN_DIRECT_OBJC_ISA_USAGE = YES_ERROR;
				CLANG_WARN_EMPTY_BODY = YES;
				CLANG_WARN_ENUM_CONVERSION = YES;
				CLANG_WARN_INT_CONVERSION = YES;
				CLANG_WARN_OBJC_ROOT_CLASS = YES_ERROR;
				CLANG_WARN_UNREACHABLE_CODE = YES;
				CLANG_WARN__DUPLICATE_METHOD_MATCH = YES;
				"CODE_SIGN_IDENTITY[sdk=iphoneos*]" = "iPhone Developer";
				COPY_PHASE_STRIP = NO;
				DEBUG_INFORMATION_FORMAT = "dwarf-with-dsym";
				ENABLE_NS_ASSERTIONS = NO;
				ENABLE_STRICT_OBJC_MSGSEND = YES;
				GCC_C_LANGUAGE_STANDARD = gnu99;
				GCC_NO_COMMON_BLOCKS = YES;
				GCC_WARN_64_TO_32_BIT_CONVERSION = YES;
				GCC_WARN_ABOUT_RETURN_TYPE = YES_ERROR;
				GCC_WARN_UNDECLARED_SELECTOR = YES;
				GCC_WARN_UNINITIALIZED_AUTOS = YES_AGGRESSIVE;
				GCC_WARN_UNUSED_FUNCTION = YES;
				GCC_WARN_UNUSED_VARIABLE = YES;
				IPHONEOS_DEPLOYMENT_TARGET = 8.4;
				MTL_ENABLE_DEBUG_INFO = NO;
				SDKROOT = iphoneos;
				TARGETED_DEVICE_FAMILY = "1,2";
				VALIDATE_PRODUCT = YES;
			};
			name = Release;
		};
		4C08D5591B5F41390037E734 /* Debug */ = {
			isa = XCBuildConfiguration;
			buildSettings = {
				ASSETCATALOG_COMPILER_APPICON_NAME = AppIcon;
				INFOPLIST_FILE = FirstAutoLayout/Info.plist;
				LD_RUNPATH_SEARCH_PATHS = "$(inherited) @executable_path/Frameworks";
				PRODUCT_NAME = "$(TARGET_NAME)";
			};
			name = Debug;
		};
		4C08D55A1B5F41390037E734 /* Release */ = {
			isa = XCBuildConfiguration;
			buildSettings = {
				ASSETCATALOG_COMPILER_APPICON_NAME = AppIcon;
				INFOPLIST_FILE = FirstAutoLayout/Info.plist;
				LD_RUNPATH_SEARCH_PATHS = "$(inherited) @executable_path/Frameworks";
				PRODUCT_NAME = "$(TARGET_NAME)";
			};
			name = Release;
		};
		4C08D55C1B5F41390037E734 /* Debug */ = {
			isa = XCBuildConfiguration;
			buildSettings = {
				BUNDLE_LOADER = "$(TEST_HOST)";
				FRAMEWORK_SEARCH_PATHS = (
					"$(SDKROOT)/Developer/Library/Frameworks",
					"$(inherited)",
				);
				GCC_PREPROCESSOR_DEFINITIONS = (
					"DEBUG=1",
					"$(inherited)",
				);
				INFOPLIST_FILE = FirstAutoLayoutTests/Info.plist;
				LD_RUNPATH_SEARCH_PATHS = "$(inherited) @executable_path/Frameworks @loader_path/Frameworks";
				PRODUCT_NAME = "$(TARGET_NAME)";
				TEST_HOST = "$(BUILT_PRODUCTS_DIR)/FirstAutoLayout.app/FirstAutoLayout";
			};
			name = Debug;
		};
		4C08D55D1B5F41390037E734 /* Release */ = {
			isa = XCBuildConfiguration;
			buildSettings = {
				BUNDLE_LOADER = "$(TEST_HOST)";
				FRAMEWORK_SEARCH_PATHS = (
					"$(SDKROOT)/Developer/Library/Frameworks",
					"$(inherited)",
				);
				INFOPLIST_FILE = FirstAutoLayoutTests/Info.plist;
				LD_RUNPATH_SEARCH_PATHS = "$(inherited) @executable_path/Frameworks @loader_path/Frameworks";
				PRODUCT_NAME = "$(TARGET_NAME)";
				TEST_HOST = "$(BUILT_PRODUCTS_DIR)/FirstAutoLayout.app/FirstAutoLayout";
			};
			name = Release;
		};
/* End XCBuildConfiguration section */

/* Begin XCConfigurationList section */
		4C08D5341B5F41390037E734 /* Build configuration list for PBXProject "FirstAutoLayout" */ = {
			isa = XCConfigurationList;
			buildConfigurations = (
				4C08D5561B5F41390037E734 /* Debug */,
				4C08D5571B5F41390037E734 /* Release */,
			);
			defaultConfigurationIsVisible = 0;
			defaultConfigurationName = Release;
		};
		4C08D5581B5F41390037E734 /* Build configuration list for PBXNativeTarget "FirstAutoLayout" */ = {
			isa = XCConfigurationList;
			buildConfigurations = (
				4C08D5591B5F41390037E734 /* Debug */,
				4C08D55A1B5F41390037E734 /* Release */,
			);
			defaultConfigurationIsVisible = 0;
		};
		4C08D55B1B5F41390037E734 /* Build configuration list for PBXNativeTarget "FirstAutoLayoutTests" */ = {
			isa = XCConfigurationList;
			buildConfigurations = (
				4C08D55C1B5F41390037E734 /* Debug */,
				4C08D55D1B5F41390037E734 /* Release */,
			);
			defaultConfigurationIsVisible = 0;
		};
/* End XCConfigurationList section */
	};
	rootObject = 4C08D5311B5F41390037E734 /* Project object */;
}
